// !$*UTF8*$!
{
	archiveVersion = 1;
	classes = {
	};
	objectVersion = 56;
	objects = {

/* Begin PBXBuildFile section */
		AA000001 /* MSLFileManagerApp.swift in Sources */ = {isa = PBXBuildFile; fileRef = AA000011; };
		AA000002 /* AppState.swift in Sources */ = {isa = PBXBuildFile; fileRef = AA000012; };
		AA000003 /* Constants.swift in Sources */ = {isa = PBXBuildFile; fileRef = AA000013; };
		AA000004 /* FileItem.swift in Sources */ = {isa = PBXBuildFile; fileRef = AA000014; };
		AA000005 /* ViewMode.swift in Sources */ = {isa = PBXBuildFile; fileRef = AA000015; };
		AA000006 /* DiskInfo.swift in Sources */ = {isa = PBXBuildFile; fileRef = AA000016; };
		AA000007 /* SidebarItem.swift in Sources */ = {isa = PBXBuildFile; fileRef = AA000017; };
		AA000008 /* SortOption.swift in Sources */ = {isa = PBXBuildFile; fileRef = AA000018; };
		AA000009 /* BrowserViewModel.swift in Sources */ = {isa = PBXBuildFile; fileRef = AA000019; };
		AA000010 /* ContentView.swift in Sources */ = {isa = PBXBuildFile; fileRef = AA000020; };
		AA000040 /* SidebarView.swift in Sources */ = {isa = PBXBuildFile; fileRef = AA000051; };
		AA000041 /* FileBrowserView.swift in Sources */ = {isa = PBXBuildFile; fileRef = AA000052; };
		AA000042 /* FileListView.swift in Sources */ = {isa = PBXBuildFile; fileRef = AA000053; };
		AA000043 /* FileIconView.swift in Sources */ = {isa = PBXBuildFile; fileRef = AA000054; };
		AA000044 /* FileColumnView.swift in Sources */ = {isa = PBXBuildFile; fileRef = AA000055; };
		AA000045 /* PathBarView.swift in Sources */ = {isa = PBXBuildFile; fileRef = AA000056; };
		AA000046 /* ViewModePicker.swift in Sources */ = {isa = PBXBuildFile; fileRef = AA000057; };
		AA000047 /* SortMenu.swift in Sources */ = {isa = PBXBuildFile; fileRef = AA000058; };
		AA000048 /* PreviewPanelView.swift in Sources */ = {isa = PBXBuildFile; fileRef = AA000059; };
		AA000060 /* AIAssistantPanel.swift in Sources */ = {isa = PBXBuildFile; fileRef = AA000061; };
		AA000062 /* DiskManagerView.swift in Sources */ = {isa = PBXBuildFile; fileRef = AA000063; };
		AA000064 /* SettingsView.swift in Sources */ = {isa = PBXBuildFile; fileRef = AA000065; };
		AA000070 /* LimaService.swift in Sources */ = {isa = PBXBuildFile; fileRef = AA000071; };
		AA000072 /* VMCommandService.swift in Sources */ = {isa = PBXBuildFile; fileRef = AA000073; };
		AA000074 /* VMLifecycleService.swift in Sources */ = {isa = PBXBuildFile; fileRef = AA000075; };
		AA000080 /* DiskMonitor.swift in Sources */ = {isa = PBXBuildFile; fileRef = AA000081; };
		AA000082 /* NTFSMountService.swift in Sources */ = {isa = PBXBuildFile; fileRef = AA000083; };
		AA000084 /* UnifiedFileService.swift in Sources */ = {isa = PBXBuildFile; fileRef = AA000085; };
/* End PBXBuildFile section */

/* Begin PBXFileReference section */
		AA000011 /* MSLFileManagerApp.swift */ = {isa = PBXFileReference; lastKnownFileType = sourcecode.swift; path = MSLFileManagerApp.swift; sourceTree = "<group>"; };
		AA000012 /* AppState.swift */ = {isa = PBXFileReference; lastKnownFileType = sourcecode.swift; path = AppState.swift; sourceTree = "<group>"; };
		AA000013 /* Constants.swift */ = {isa = PBXFileReference; lastKnownFileType = sourcecode.swift; path = Constants.swift; sourceTree = "<group>"; };
		AA000014 /* FileItem.swift */ = {isa = PBXFileReference; lastKnownFileType = sourcecode.swift; path = FileItem.swift; sourceTree = "<group>"; };
		AA000015 /* ViewMode.swift */ = {isa = PBXFileReference; lastKnownFileType = sourcecode.swift; path = ViewMode.swift; sourceTree = "<group>"; };
		AA000016 /* DiskInfo.swift */ = {isa = PBXFileReference; lastKnownFileType = sourcecode.swift; path = DiskInfo.swift; sourceTree = "<group>"; };
		AA000017 /* SidebarItem.swift */ = {isa = PBXFileReference; lastKnownFileType = sourcecode.swift; path = SidebarItem.swift; sourceTree = "<group>"; };
		AA000018 /* SortOption.swift */ = {isa = PBXFileReference; lastKnownFileType = sourcecode.swift; path = SortOption.swift; sourceTree = "<group>"; };
		AA000019 /* BrowserViewModel.swift */ = {isa = PBXFileReference; lastKnownFileType = sourcecode.swift; path = BrowserViewModel.swift; sourceTree = "<group>"; };
		AA000020 /* ContentView.swift */ = {isa = PBXFileReference; lastKnownFileType = sourcecode.swift; path = ContentView.swift; sourceTree = "<group>"; };
		AA000021 /* MSLFileManager.app */ = {isa = PBXFileReference; explicitFileType = wrapper.application; includeInIndex = 0; path = MSLFileManager.app; sourceTree = BUILT_PRODUCTS_DIR; };
		AA000051 /* SidebarView.swift */ = {isa = PBXFileReference; lastKnownFileType = sourcecode.swift; path = SidebarView.swift; sourceTree = "<group>"; };
		AA000052 /* FileBrowserView.swift */ = {isa = PBXFileReference; lastKnownFileType = sourcecode.swift; path = FileBrowserView.swift; sourceTree = "<group>"; };
		AA000053 /* FileListView.swift */ = {isa = PBXFileReference; lastKnownFileType = sourcecode.swift; path = FileListView.swift; sourceTree = "<group>"; };
		AA000054 /* FileIconView.swift */ = {isa = PBXFileReference; lastKnownFileType = sourcecode.swift; path = FileIconView.swift; sourceTree = "<group>"; };
		AA000055 /* FileColumnView.swift */ = {isa = PBXFileReference; lastKnownFileType = sourcecode.swift; path = FileColumnView.swift; sourceTree = "<group>"; };
		AA000056 /* PathBarView.swift */ = {isa = PBXFileReference; lastKnownFileType = sourcecode.swift; path = PathBarView.swift; sourceTree = "<group>"; };
		AA000057 /* ViewModePicker.swift */ = {isa = PBXFileReference; lastKnownFileType = sourcecode.swift; path = ViewModePicker.swift; sourceTree = "<group>"; };
		AA000058 /* SortMenu.swift */ = {isa = PBXFileReference; lastKnownFileType = sourcecode.swift; path = SortMenu.swift; sourceTree = "<group>"; };
		AA000059 /* PreviewPanelView.swift */ = {isa = PBXFileReference; lastKnownFileType = sourcecode.swift; path = PreviewPanelView.swift; sourceTree = "<group>"; };
		AA000061 /* AIAssistantPanel.swift */ = {isa = PBXFileReference; lastKnownFileType = sourcecode.swift; path = AIAssistantPanel.swift; sourceTree = "<group>"; };
		AA000063 /* DiskManagerView.swift */ = {isa = PBXFileReference; lastKnownFileType = sourcecode.swift; path = DiskManagerView.swift; sourceTree = "<group>"; };
		AA000065 /* SettingsView.swift */ = {isa = PBXFileReference; lastKnownFileType = sourcecode.swift; path = SettingsView.swift; sourceTree = "<group>"; };
		AA000071 /* LimaService.swift */ = {isa = PBXFileReference; lastKnownFileType = sourcecode.swift; path = LimaService.swift; sourceTree = "<group>"; };
		AA000073 /* VMCommandService.swift */ = {isa = PBXFileReference; lastKnownFileType = sourcecode.swift; path = VMCommandService.swift; sourceTree = "<group>"; };
		AA000075 /* VMLifecycleService.swift */ = {isa = PBXFileReference; lastKnownFileType = sourcecode.swift; path = VMLifecycleService.swift; sourceTree = "<group>"; };
		AA000081 /* DiskMonitor.swift */ = {isa = PBXFileReference; lastKnownFileType = sourcecode.swift; path = DiskMonitor.swift; sourceTree = "<group>"; };
		AA000083 /* NTFSMountService.swift */ = {isa = PBXFileReference; lastKnownFileType = sourcecode.swift; path = NTFSMountService.swift; sourceTree = "<group>"; };
		AA000085 /* UnifiedFileService.swift */ = {isa = PBXFileReference; lastKnownFileType = sourcecode.swift; path = UnifiedFileService.swift; sourceTree = "<group>"; };
		AA000090 /* MSLFileManager.entitlements */ = {isa = PBXFileReference; lastKnownFileType = text.plist.entitlements; path = MSLFileManager.entitlements; sourceTree = "<group>"; };
/* End PBXFileReference section */

/* Begin PBXFrameworksBuildPhase section */
		AA000030 /* Frameworks */ = {
			isa = PBXFrameworksBuildPhase;
			buildActionMask = 2147483647;
			files = (
			);
			runOnlyForDeploymentPostprocessing = 0;
		};
/* End PBXFrameworksBuildPhase section */

/* Begin PBXGroup section */
		AA000099 = {
			isa = PBXGroup;
			children = (
				AA000098 /* MSLFileManager */,
				AA000042 /* Products */,
			);
			sourceTree = "<group>";
		};
		AA000098 /* MSLFileManager */ = {
			isa = PBXGroup;
			children = (
				AA000011 /* MSLFileManagerApp.swift */,
				AA000090 /* MSLFileManager.entitlements */,
				AA000100 /* App */,
				AA000101 /* Models */,
				AA000102 /* ViewModels */,
				AA000103 /* Views */,
				AA000104 /* Services */,
			);
			path = MSLFileManager;
			sourceTree = "<group>";
		};
		AA000042 /* Products */ = {
			isa = PBXGroup;
			children = (
				AA000021 /* MSLFileManager.app */,
			);
			name = Products;
			sourceTree = "<group>";
		};
		AA000100 /* App */ = {
			isa = PBXGroup;
			children = (
				AA000012 /* AppState.swift */,
				AA000013 /* Constants.swift */,
			);
			path = App;
			sourceTree = "<group>";
		};
		AA000101 /* Models */ = {
			isa = PBXGroup;
			children = (
				AA000014 /* FileItem.swift */,
				AA000015 /* ViewMode.swift */,
				AA000016 /* DiskInfo.swift */,
				AA000017 /* SidebarItem.swift */,
				AA000018 /* SortOption.swift */,
			);
			path = Models;
			sourceTree = "<group>";
		};
		AA000102 /* ViewModels */ = {
			isa = PBXGroup;
			children = (
				AA000019 /* BrowserViewModel.swift */,
			);
			path = ViewModels;
			sourceTree = "<group>";
		};
		AA000103 /* Views */ = {
			isa = PBXGroup;
			children = (
				AA000020 /* ContentView.swift */,
				AA000110 /* Sidebar */,
				AA000111 /* Browser */,
				AA000112 /* Preview */,
				AA000113 /* Toolbar */,
				AA000114 /* AI */,
				AA000115 /* DiskManager */,
				AA000116 /* Settings */,
			);
			path = Views;
			sourceTree = "<group>";
		};
		AA000110 /* Sidebar */ = {
			isa = PBXGroup;
			children = (
				AA000051 /* SidebarView.swift */,
			);
			path = Sidebar;
			sourceTree = "<group>";
		};
		AA000111 /* Browser */ = {
			isa = PBXGroup;
			children = (
				AA000052 /* FileBrowserView.swift */,
				AA000053 /* FileListView.swift */,
				AA000054 /* FileIconView.swift */,
				AA000055 /* FileColumnView.swift */,
				AA000056 /* PathBarView.swift */,
			);
			path = Browser;
			sourceTree = "<group>";
		};
		AA000112 /* Preview */ = {
			isa = PBXGroup;
			children = (
				AA000059 /* PreviewPanelView.swift */,
			);
			path = Preview;
			sourceTree = "<group>";
		};
		AA000113 /* Toolbar */ = {
			isa = PBXGroup;
			children = (
				AA000057 /* ViewModePicker.swift */,
				AA000058 /* SortMenu.swift */,
			);
			path = Toolbar;
			sourceTree = "<group>";
		};
		AA000114 /* AI */ = {
			isa = PBXGroup;
			children = (
				AA000061 /* AIAssistantPanel.swift */,
			);
			path = AI;
			sourceTree = "<group>";
		};
		AA000115 /* DiskManager */ = {
			isa = PBXGroup;
			children = (
				AA000063 /* DiskManagerView.swift */,
			);
			path = DiskManager;
			sourceTree = "<group>";
		};
		AA000116 /* Settings */ = {
			isa = PBXGroup;
			children = (
				AA000065 /* SettingsView.swift */,
			);
			path = Settings;
			sourceTree = "<group>";
		};
		AA000104 /* Services */ = {
			isa = PBXGroup;
			children = (
				AA000120 /* VM */,
				AA000121 /* Disk */,
				AA000122 /* FileSystem */,
			);
			path = Services;
			sourceTree = "<group>";
		};
		AA000120 /* VM */ = {
			isa = PBXGroup;
			children = (
				AA000071 /* LimaService.swift */,
				AA000073 /* VMCommandService.swift */,
				AA000075 /* VMLifecycleService.swift */,
			);
			path = VM;
			sourceTree = "<group>";
		};
		AA000121 /* Disk */ = {
			isa = PBXGroup;
			children = (
				AA000081 /* DiskMonitor.swift */,
				AA000083 /* NTFSMountService.swift */,
			);
			path = Disk;
			sourceTree = "<group>";
		};
		AA000122 /* FileSystem */ = {
			isa = PBXGroup;
			children = (
				AA000085 /* UnifiedFileService.swift */,
			);
			path = FileSystem;
			sourceTree = "<group>";
		};
/* End PBXGroup section */

/* Begin PBXNativeTarget section */
		AA000050 /* MSLFileManager */ = {
			isa = PBXNativeTarget;
			buildConfigurationList = AA000060;
			buildPhases = (
				AA000031 /* Sources */,
				AA000030 /* Frameworks */,
				AA000032 /* Resources */,
			);
			buildRules = (
			);
			dependencies = (
			);
			name = MSLFileManager;
			productName = MSLFileManager;
			productReference = AA000021 /* MSLFileManager.app */;
			productType = "com.apple.product-type.application";
		};
/* End PBXNativeTarget section */

/* Begin PBXProject section */
		AA000061 /* Project object */ = {
			isa = PBXProject;
			attributes = {
				BuildIndependentTargetsInParallel = 1;
				LastSwiftUpdateCheck = 1600;
				LastUpgradeCheck = 1600;
			};
			buildConfigurationList = AA000070;
			compatibilityVersion = "Xcode 14.0";
			developmentRegion = en;
			hasScannedForEncodings = 0;
			knownRegions = (
				en,
				Base,
			);
			mainGroup = AA000099;
			productRefGroup = AA000042 /* Products */;
			projectDirPath = "";
			projectRoot = "";
			targets = (
				AA000050 /* MSLFileManager */,
			);
		};
/* End PBXProject section */

/* Begin PBXResourcesBuildPhase section */
		AA000032 /* Resources */ = {
			isa = PBXResourcesBuildPhase;
			buildActionMask = 2147483647;
			files = (
			);
			runOnlyForDeploymentPostprocessing = 0;
		};
/* End PBXResourcesBuildPhase section */

/* Begin PBXSourcesBuildPhase section */
		AA000031 /* Sources */ = {
			isa = PBXSourcesBuildPhase;
			buildActionMask = 2147483647;
			files = (
				AA000001 /* MSLFileManagerApp.swift in Sources */,
				AA000002 /* AppState.swift in Sources */,
				AA000003 /* Constants.swift in Sources */,
				AA000004 /* FileItem.swift in Sources */,
				AA000005 /* ViewMode.swift in Sources */,
				AA000006 /* DiskInfo.swift in Sources */,
				AA000007 /* SidebarItem.swift in Sources */,
				AA000008 /* SortOption.swift in Sources */,
				AA000009 /* BrowserViewModel.swift in Sources */,
				AA000010 /* ContentView.swift in Sources */,
				AA000040 /* SidebarView.swift in Sources */,
				AA000041 /* FileBrowserView.swift in Sources */,
				AA000042 /* FileListView.swift in Sources */,
				AA000043 /* FileIconView.swift in Sources */,
				AA000044 /* FileColumnView.swift in Sources */,
				AA000045 /* PathBarView.swift in Sources */,
				AA000046 /* ViewModePicker.swift in Sources */,
				AA000047 /* SortMenu.swift in Sources */,
				AA000048 /* PreviewPanelView.swift in Sources */,
				AA000060 /* AIAssistantPanel.swift in Sources */,
				AA000062 /* DiskManagerView.swift in Sources */,
				AA000064 /* SettingsView.swift in Sources */,
				AA000070 /* LimaService.swift in Sources */,
				AA000072 /* VMCommandService.swift in Sources */,
				AA000074 /* VMLifecycleService.swift in Sources */,
				AA000080 /* DiskMonitor.swift in Sources */,
				AA000082 /* NTFSMountService.swift in Sources */,
				AA000084 /* UnifiedFileService.swift in Sources */,
			);
			runOnlyForDeploymentPostprocessing = 0;
		};
/* End PBXSourcesBuildPhase section */

/* Begin XCBuildConfiguration section */
		AA000080 /* Debug */ = {
			isa = XCBuildConfiguration;
			buildSettings = {
				ALWAYS_SEARCH_USER_PATHS = NO;
				ASSETCATALOG_COMPILER_GENERATE_SWIFT_ASSET_SYMBOL_EXTENSIONS = YES;
				CLANG_ANALYZER_NONNULL = YES;
				CLANG_CXX_LANGUAGE_STANDARD = "gnu++20";
				CLANG_ENABLE_MODULES = YES;
				CLANG_ENABLE_OBJC_ARC = YES;
				CLANG_WARN_BLOCK_CAPTURE_AUTORELEASING = YES;
				CLANG_WARN_BOOL_CONVERSION = YES;
				CLANG_WARN_COMMA = YES;
				CLANG_WARN_CONSTANT_CONVERSION = YES;
				CLANG_WARN_DEPRECATED_OBJC_IMPLEMENTATIONS = YES;
				CLANG_WARN_DIRECT_OBJC_ISA_USAGE = YES_ERROR;
				CLANG_WARN_EMPTY_BODY = YES;
				CLANG_WARN_ENUM_CONVERSION = YES;
				CLANG_WARN_INFINITE_RECURSION = YES;
				CLANG_WARN_INT_CONVERSION = YES;
				CLANG_WARN_OBJC_ROOT_CLASS = YES_ERROR;
				CLANG_WARN_QUOTED_INCLUDE_IN_FRAMEWORK_HEADER = YES;
				CLANG_WARN_RANGE_LOOP_ANALYSIS = YES;
				CLANG_WARN_STRICT_PROTOTYPES = YES;
				CLANG_WARN_SUSPICIOUS_MOVE = YES;
				CLANG_WARN_UNREACHABLE_CODE = YES;
				CLANG_WARN__DUPLICATE_METHOD_MATCH = YES;
				COPY_PHASE_STRIP = NO;
				DEBUG_INFORMATION_FORMAT = dwarf;
				ENABLE_STRICT_OBJC_MSGSEND = YES;
				ENABLE_TESTABILITY = YES;
				GCC_DYNAMIC_NO_PIC = NO;
				GCC_NO_COMMON_BLOCKS = YES;
				GCC_OPTIMIZATION_LEVEL = 0;
				GCC_PREPROCESSOR_DEFINITIONS = (
					"DEBUG=1",
					"$(inherited)",
				);
				GCC_WARN_64_TO_32_BIT_CONVERSION = YES;
				GCC_WARN_ABOUT_RETURN_TYPE = YES_ERROR;
				GCC_WARN_UNDECLARED_SELECTOR = YES;
				GCC_WARN_UNINITIALIZED_AUTOS = YES_AGGRESSIVE;
				GCC_WARN_UNUSED_FUNCTION = YES;
				GCC_WARN_UNUSED_VARIABLE = YES;
				MACOSX_DEPLOYMENT_TARGET = 14.0;
				MTL_ENABLE_DEBUG_INFO = INCLUDE_SOURCE;
				MTL_FAST_MATH = YES;
				ONLY_ACTIVE_ARCH = YES;
				SDKROOT = macosx;
				SWIFT_ACTIVE_COMPILATION_CONDITIONS = "$(inherited) DEBUG";
				SWIFT_OPTIMIZATION_LEVEL = "-Onone";
			};
			name = Debug;
		};
		AA000081 /* Release */ = {
			isa = XCBuildConfiguration;
			buildSettings = {
				ALWAYS_SEARCH_USER_PATHS = NO;
				ASSETCATALOG_COMPILER_GENERATE_SWIFT_ASSET_SYMBOL_EXTENSIONS = YES;
				CLANG_ANALYZER_NONNULL = YES;
				CLANG_CXX_LANGUAGE_STANDARD = "gnu++20";
				CLANG_ENABLE_MODULES = YES;
				CLANG_ENABLE_OBJC_ARC = YES;
				CLANG_WARN_BLOCK_CAPTURE_AUTORELEASING = YES;
				CLANG_WARN_BOOL_CONVERSION = YES;
				CLANG_WARN_COMMA = YES;
				CLANG_WARN_CONSTANT_CONVERSION = YES;
				CLANG_WARN_DEPRECATED_OBJC_IMPLEMENTATIONS = YES;
				CLANG_WARN_DIRECT_OBJC_ISA_USAGE = YES_ERROR;
				CLANG_WARN_EMPTY_BODY = YES;
				CLANG_WARN_ENUM_CONVERSION = YES;
				CLANG_WARN_INFINITE_RECURSION = YES;
				CLANG_WARN_INT_CONVERSION = YES;
				CLANG_WARN_OBJC_ROOT_CLASS = YES_ERROR;
				CLANG_WARN_QUOTED_INCLUDE_IN_FRAMEWORK_HEADER = YES;
				CLANG_WARN_RANGE_LOOP_ANALYSIS = YES;
				CLANG_WARN_STRICT_PROTOTYPES = YES;
				CLANG_WARN_SUSPICIOUS_MOVE = YES;
				CLANG_WARN_UNREACHABLE_CODE = YES;
				CLANG_WARN__DUPLICATE_METHOD_MATCH = YES;
				COPY_PHASE_STRIP = NO;
				DEBUG_INFORMATION_FORMAT = "dwarf-with-dsym";
				ENABLE_NS_ASSERTIONS = NO;
				ENABLE_STRICT_OBJC_MSGSEND = YES;
				GCC_NO_COMMON_BLOCKS = YES;
				GCC_WARN_64_TO_32_BIT_CONVERSION = YES;
				GCC_WARN_ABOUT_RETURN_TYPE = YES_ERROR;
				GCC_WARN_UNDECLARED_SELECTOR = YES;
				GCC_WARN_UNINITIALIZED_AUTOS = YES_AGGRESSIVE;
				GCC_WARN_UNUSED_FUNCTION = YES;
				GCC_WARN_UNUSED_VARIABLE = YES;
				MACOSX_DEPLOYMENT_TARGET = 14.0;
				MTL_ENABLE_DEBUG_INFO = NO;
				MTL_FAST_MATH = YES;
				SDKROOT = macosx;
				SWIFT_COMPILATION_MODE = wholemodule;
			};
			name = Release;
		};
		AA000090 /* Debug */ = {
			isa = XCBuildConfiguration;
			buildSettings = {
				ASSETCATALOG_COMPILER_APPICON_NAME = AppIcon;
				CODE_SIGN_ENTITLEMENTS = MSLFileManager/MSLFileManager.entitlements;
				CODE_SIGN_STYLE = Automatic;
				COMBINE_HIDPI_IMAGES = YES;
				INFOPLIST_KEY_LSApplicationCategoryType = "public.app-category.utilities";
				INFOPLIST_KEY_NSHumanReadableCopyright = "";
				INFOPLIST_KEY_NSMainNibFile = "";
				INFOPLIST_KEY_NSPrincipalClass = NSApplication;
				LD_RUNPATH_SEARCH_PATHS = (
					"$(inherited)",
					"@executable_path/../Frameworks",
				);
				PRODUCT_BUNDLE_IDENTIFIER = com.Clandygoo.MSLFileManager;
				PRODUCT_NAME = "$(TARGET_NAME)";
				SWIFT_EMIT_LOC_STRINGS = YES;
				SWIFT_VERSION = 5.0;
			};
			name = Debug;
		};
		AA000091 /* Release */ = {
			isa = XCBuildConfiguration;
			buildSettings = {
				ASSETCATALOG_COMPILER_APPICON_NAME = AppIcon;
				CODE_SIGN_ENTITLEMENTS = MSLFileManager/MSLFileManager.entitlements;
				CODE_SIGN_STYLE = Automatic;
				COMBINE_HIDPI_IMAGES = YES;
				INFOPLIST_KEY_LSApplicationCategoryType = "public.app-category.utilities";
				INFOPLIST_KEY_NSHumanReadableCopyright = "";
				INFOPLIST_KEY_NSMainNibFile = "";
				INFOPLIST_KEY_NSPrincipalClass = NSApplication;
				LD_RUNPATH_SEARCH_PATHS = (
					"$(inherited)",
					"@executable_path/../Frameworks",
				);
				PRODUCT_BUNDLE_IDENTIFIER = com.Clandygoo.MSLFileManager;
				PRODUCT_NAME = "$(TARGET_NAME)";
				SWIFT_EMIT_LOC_STRINGS = YES;
				SWIFT_VERSION = 5.0;
			};
			name = Release;
		};
/* End XCBuildConfiguration section */

/* Begin XCConfigurationList section */
		AA000060 /* Build configuration list for PBXNativeTarget "MSLFileManager" */ = {
			isa = XCConfigurationList;
			buildConfigurations = (
				AA000090 /* Debug */,
				AA000091 /* Release */,
			);
			defaultConfigurationIsVisible = 0;
			defaultConfigurationName = Release;
		};
		AA000070 /* Build configuration list for PBXProject "MSLFileManager" */ = {
			isa = XCConfigurationList;
			buildConfigurations = (
				AA000080 /* Debug */,
				AA000081 /* Release */,
			);
			defaultConfigurationIsVisible = 0;
			defaultConfigurationName = Release;
		};
/* End XCConfigurationList section */
	};
	rootObject = AA000061 /* Project object */;
}
