// !$*UTF8*$!
{
	archiveVersion = 1;
	classes = {
	};
	objectVersion = 56;
	objects = {

/* Begin PBXBuildFile section */
		A1000001 /* MSLFileManagerApp.swift in Sources */ = {isa = PBXBuildFile; fileRef = A2000001; };
		A1000002 /* AppState.swift in Sources */ = {isa = PBXBuildFile; fileRef = A2000002; };
		A1000003 /* Constants.swift in Sources */ = {isa = PBXBuildFile; fileRef = A2000003; };
		A1000004 /* FileItem.swift in Sources */ = {isa = PBXBuildFile; fileRef = A2000004; };
		A1000005 /* ViewMode.swift in Sources */ = {isa = PBXBuildFile; fileRef = A2000005; };
		A1000006 /* DiskInfo.swift in Sources */ = {isa = PBXBuildFile; fileRef = A2000006; };
		A1000007 /* SidebarItem.swift in Sources */ = {isa = PBXBuildFile; fileRef = A2000007; };
		A1000008 /* SortOption.swift in Sources */ = {isa = PBXBuildFile; fileRef = A2000008; };
		A1000009 /* BrowserViewModel.swift in Sources */ = {isa = PBXBuildFile; fileRef = A2000009; };
		A1000010 /* ContentView.swift in Sources */ = {isa = PBXBuildFile; fileRef = A2000010; };
		A1000011 /* SidebarView.swift in Sources */ = {isa = PBXBuildFile; fileRef = A2000011; };
		A1000012 /* FileBrowserView.swift in Sources */ = {isa = PBXBuildFile; fileRef = A2000012; };
		A1000013 /* FileListView.swift in Sources */ = {isa = PBXBuildFile; fileRef = A2000013; };
		A1000014 /* FileIconView.swift in Sources */ = {isa = PBXBuildFile; fileRef = A2000014; };
		A1000015 /* FileColumnView.swift in Sources */ = {isa = PBXBuildFile; fileRef = A2000015; };
		A1000016 /* PathBarView.swift in Sources */ = {isa = PBXBuildFile; fileRef = A2000016; };
		A1000017 /* ViewModePicker.swift in Sources */ = {isa = PBXBuildFile; fileRef = A2000017; };
		A1000018 /* SortMenu.swift in Sources */ = {isa = PBXBuildFile; fileRef = A2000018; };
		A1000019 /* PreviewPanelView.swift in Sources */ = {isa = PBXBuildFile; fileRef = A2000019; };
		A1000020 /* AIAssistantPanel.swift in Sources */ = {isa = PBXBuildFile; fileRef = A2000020; };
		A1000021 /* DiskManagerView.swift in Sources */ = {isa = PBXBuildFile; fileRef = A2000021; };
		A1000022 /* SettingsView.swift in Sources */ = {isa = PBXBuildFile; fileRef = A2000022; };
		A1000023 /* LimaService.swift in Sources */ = {isa = PBXBuildFile; fileRef = A2000023; };
		A1000024 /* VMCommandService.swift in Sources */ = {isa = PBXBuildFile; fileRef = A2000024; };
		A1000025 /* VMLifecycleService.swift in Sources */ = {isa = PBXBuildFile; fileRef = A2000025; };
		A1000026 /* DiskMonitor.swift in Sources */ = {isa = PBXBuildFile; fileRef = A2000026; };
		A1000027 /* NTFSMountService.swift in Sources */ = {isa = PBXBuildFile; fileRef = A2000027; };
		A1000028 /* UnifiedFileService.swift in Sources */ = {isa = PBXBuildFile; fileRef = A2000028; };
		A1000030 /* FileTab.swift in Sources */ = {isa = PBXBuildFile; fileRef = A2000040; };
		A1000031 /* TabBarView.swift in Sources */ = {isa = PBXBuildFile; fileRef = A2000041; };
		A1000032 /* Localization.swift in Sources */ = {isa = PBXBuildFile; fileRef = A2000042; };
		A1000033 /* ArchiveService.swift in Sources */ = {isa = PBXBuildFile; fileRef = A2000043; };
		A1000034 /* ArchivePreviewView.swift in Sources */ = {isa = PBXBuildFile; fileRef = A2000044; };
/* End PBXBuildFile section */

/* Begin PBXFileReference section */
		A2000001 /* MSLFileManagerApp.swift */ = {isa = PBXFileReference; lastKnownFileType = sourcecode.swift; path = MSLFileManagerApp.swift; sourceTree = "<group>"; };
		A2000030 /* Info.plist */ = {isa = PBXFileReference; lastKnownFileType = text.plist.xml; path = Info.plist; sourceTree = "<group>"; };
		A2000002 /* AppState.swift */ = {isa = PBXFileReference; lastKnownFileType = sourcecode.swift; path = AppState.swift; sourceTree = "<group>"; };
		A2000003 /* Constants.swift */ = {isa = PBXFileReference; lastKnownFileType = sourcecode.swift; path = Constants.swift; sourceTree = "<group>"; };
		A2000004 /* FileItem.swift */ = {isa = PBXFileReference; lastKnownFileType = sourcecode.swift; path = FileItem.swift; sourceTree = "<group>"; };
		A2000005 /* ViewMode.swift */ = {isa = PBXFileReference; lastKnownFileType = sourcecode.swift; path = ViewMode.swift; sourceTree = "<group>"; };
		A2000006 /* DiskInfo.swift */ = {isa = PBXFileReference; lastKnownFileType = sourcecode.swift; path = DiskInfo.swift; sourceTree = "<group>"; };
		A2000007 /* SidebarItem.swift */ = {isa = PBXFileReference; lastKnownFileType = sourcecode.swift; path = SidebarItem.swift; sourceTree = "<group>"; };
		A2000008 /* SortOption.swift */ = {isa = PBXFileReference; lastKnownFileType = sourcecode.swift; path = SortOption.swift; sourceTree = "<group>"; };
		A2000009 /* BrowserViewModel.swift */ = {isa = PBXFileReference; lastKnownFileType = sourcecode.swift; path = BrowserViewModel.swift; sourceTree = "<group>"; };
		A2000010 /* ContentView.swift */ = {isa = PBXFileReference; lastKnownFileType = sourcecode.swift; path = ContentView.swift; sourceTree = "<group>"; };
		A2000011 /* SidebarView.swift */ = {isa = PBXFileReference; lastKnownFileType = sourcecode.swift; path = SidebarView.swift; sourceTree = "<group>"; };
		A2000012 /* FileBrowserView.swift */ = {isa = PBXFileReference; lastKnownFileType = sourcecode.swift; path = FileBrowserView.swift; sourceTree = "<group>"; };
		A2000013 /* FileListView.swift */ = {isa = PBXFileReference; lastKnownFileType = sourcecode.swift; path = FileListView.swift; sourceTree = "<group>"; };
		A2000014 /* FileIconView.swift */ = {isa = PBXFileReference; lastKnownFileType = sourcecode.swift; path = FileIconView.swift; sourceTree = "<group>"; };
		A2000015 /* FileColumnView.swift */ = {isa = PBXFileReference; lastKnownFileType = sourcecode.swift; path = FileColumnView.swift; sourceTree = "<group>"; };
		A2000016 /* PathBarView.swift */ = {isa = PBXFileReference; lastKnownFileType = sourcecode.swift; path = PathBarView.swift; sourceTree = "<group>"; };
		A2000017 /* ViewModePicker.swift */ = {isa = PBXFileReference; lastKnownFileType = sourcecode.swift; path = ViewModePicker.swift; sourceTree = "<group>"; };
		A2000018 /* SortMenu.swift */ = {isa = PBXFileReference; lastKnownFileType = sourcecode.swift; path = SortMenu.swift; sourceTree = "<group>"; };
		A2000019 /* PreviewPanelView.swift */ = {isa = PBXFileReference; lastKnownFileType = sourcecode.swift; path = PreviewPanelView.swift; sourceTree = "<group>"; };
		A2000020 /* AIAssistantPanel.swift */ = {isa = PBXFileReference; lastKnownFileType = sourcecode.swift; path = AIAssistantPanel.swift; sourceTree = "<group>"; };
		A2000021 /* DiskManagerView.swift */ = {isa = PBXFileReference; lastKnownFileType = sourcecode.swift; path = DiskManagerView.swift; sourceTree = "<group>"; };
		A2000022 /* SettingsView.swift */ = {isa = PBXFileReference; lastKnownFileType = sourcecode.swift; path = SettingsView.swift; sourceTree = "<group>"; };
		A2000023 /* LimaService.swift */ = {isa = PBXFileReference; lastKnownFileType = sourcecode.swift; path = LimaService.swift; sourceTree = "<group>"; };
		A2000024 /* VMCommandService.swift */ = {isa = PBXFileReference; lastKnownFileType = sourcecode.swift; path = VMCommandService.swift; sourceTree = "<group>"; };
		A2000025 /* VMLifecycleService.swift */ = {isa = PBXFileReference; lastKnownFileType = sourcecode.swift; path = VMLifecycleService.swift; sourceTree = "<group>"; };
		A2000026 /* DiskMonitor.swift */ = {isa = PBXFileReference; lastKnownFileType = sourcecode.swift; path = DiskMonitor.swift; sourceTree = "<group>"; };
		A2000027 /* NTFSMountService.swift */ = {isa = PBXFileReference; lastKnownFileType = sourcecode.swift; path = NTFSMountService.swift; sourceTree = "<group>"; };
		A2000028 /* UnifiedFileService.swift */ = {isa = PBXFileReference; lastKnownFileType = sourcecode.swift; path = UnifiedFileService.swift; sourceTree = "<group>"; };
		A2000029 /* MSLFileManager.entitlements */ = {isa = PBXFileReference; lastKnownFileType = text.plist.entitlements; path = MSLFileManager.entitlements; sourceTree = "<group>"; };
		A2000040 /* FileTab.swift */ = {isa = PBXFileReference; lastKnownFileType = sourcecode.swift; path = FileTab.swift; sourceTree = "<group>"; };
		A2000041 /* TabBarView.swift */ = {isa = PBXFileReference; lastKnownFileType = sourcecode.swift; path = TabBarView.swift; sourceTree = "<group>"; };
		A2000042 /* Localization.swift */ = {isa = PBXFileReference; lastKnownFileType = sourcecode.swift; path = Localization.swift; sourceTree = "<group>"; };
		A2000043 /* ArchiveService.swift */ = {isa = PBXFileReference; lastKnownFileType = sourcecode.swift; path = ArchiveService.swift; sourceTree = "<group>"; };
		A2000044 /* ArchivePreviewView.swift */ = {isa = PBXFileReference; lastKnownFileType = sourcecode.swift; path = ArchivePreviewView.swift; sourceTree = "<group>"; };
		A2000099 /* MSLFileManager.app */ = {isa = PBXFileReference; explicitFileType = wrapper.application; includeInIndex = 0; path = MSLFileManager.app; sourceTree = BUILT_PRODUCTS_DIR; };
/* End PBXFileReference section */

/* Begin PBXFrameworksBuildPhase section */
		A3000001 /* Frameworks */ = {
			isa = PBXFrameworksBuildPhase;
			buildActionMask = 2147483647;
			files = (
			);
			runOnlyForDeploymentPostprocessing = 0;
		};
/* End PBXFrameworksBuildPhase section */

/* Begin PBXGroup section */
		A4000001 = {
			isa = PBXGroup;
			children = (
				A4000002 /* MSLFileManager */,
				A4000003 /* Products */,
			);
			sourceTree = "<group>";
		};
		A4000002 /* MSLFileManager */ = {
			isa = PBXGroup;
			children = (
				A2000001 /* MSLFileManagerApp.swift */,
				A2000029 /* MSLFileManager.entitlements */,
				A2000030 /* Info.plist */,
				A4000010 /* App */,
				A4000011 /* Models */,
				A4000012 /* ViewModels */,
				A4000013 /* Views */,
				A4000014 /* Services */,
			);
			path = MSLFileManager/MSLFileManager;
			sourceTree = "<group>";
		};
		A4000003 /* Products */ = {
			isa = PBXGroup;
			children = (
				A2000099 /* MSLFileManager.app */,
			);
			name = Products;
			sourceTree = "<group>";
		};
		A4000010 /* App */ = {
			isa = PBXGroup;
			children = (
				A2000002 /* AppState.swift */,
				A2000003 /* Constants.swift */,
				A2000042 /* Localization.swift */,
			);
			path = App;
			sourceTree = "<group>";
		};
		A4000011 /* Models */ = {
			isa = PBXGroup;
			children = (
				A2000004 /* FileItem.swift */,
				A2000005 /* ViewMode.swift */,
				A2000006 /* DiskInfo.swift */,
				A2000007 /* SidebarItem.swift */,
				A2000008 /* SortOption.swift */,
				A2000040 /* FileTab.swift */,
			);
			path = Models;
			sourceTree = "<group>";
		};
		A4000012 /* ViewModels */ = {
			isa = PBXGroup;
			children = (
				A2000009 /* BrowserViewModel.swift */,
			);
			path = ViewModels;
			sourceTree = "<group>";
		};
		A4000013 /* Views */ = {
			isa = PBXGroup;
			children = (
				A2000010 /* ContentView.swift */,
				A2000041 /* TabBarView.swift */,
				A4000020 /* Sidebar */,
				A4000021 /* Browser */,
				A4000022 /* Preview */,
				A4000023 /* Toolbar */,
				A4000024 /* AI */,
				A4000025 /* DiskManager */,
				A4000026 /* Settings */,
				A4000045 /* Archive */,
			);
			path = Views;
			sourceTree = "<group>";
		};
		A4000014 /* Services */ = {
			isa = PBXGroup;
			children = (
				A4000030 /* VM */,
				A4000031 /* Disk */,
				A4000032 /* FileSystem */,
				A4000046 /* Archive */,
			);
			path = Services;
			sourceTree = "<group>";
		};
		A4000020 /* Sidebar */ = {
			isa = PBXGroup;
			children = (
				A2000011 /* SidebarView.swift */,
			);
			path = Sidebar;
			sourceTree = "<group>";
		};
		A4000021 /* Browser */ = {
			isa = PBXGroup;
			children = (
				A2000012 /* FileBrowserView.swift */,
				A2000013 /* FileListView.swift */,
				A2000014 /* FileIconView.swift */,
				A2000015 /* FileColumnView.swift */,
				A2000016 /* PathBarView.swift */,
			);
			path = Browser;
			sourceTree = "<group>";
		};
		A4000022 /* Preview */ = {
			isa = PBXGroup;
			children = (
				A2000019 /* PreviewPanelView.swift */,
			);
			path = Preview;
			sourceTree = "<group>";
		};
		A4000023 /* Toolbar */ = {
			isa = PBXGroup;
			children = (
				A2000017 /* ViewModePicker.swift */,
				A2000018 /* SortMenu.swift */,
			);
			path = Toolbar;
			sourceTree = "<group>";
		};
		A4000024 /* AI */ = {
			isa = PBXGroup;
			children = (
				A2000020 /* AIAssistantPanel.swift */,
			);
			path = AI;
			sourceTree = "<group>";
		};
		A4000025 /* DiskManager */ = {
			isa = PBXGroup;
			children = (
				A2000021 /* DiskManagerView.swift */,
			);
			path = DiskManager;
			sourceTree = "<group>";
		};
		A4000026 /* Settings */ = {
			isa = PBXGroup;
			children = (
				A2000022 /* SettingsView.swift */,
			);
			path = Settings;
			sourceTree = "<group>";
		};
		A4000045 /* Archive */ = {
			isa = PBXGroup;
			children = (
				A2000044 /* ArchivePreviewView.swift */,
			);
			path = Archive;
			sourceTree = "<group>";
		};
		A4000030 /* VM */ = {
			isa = PBXGroup;
			children = (
				A2000023 /* LimaService.swift */,
				A2000024 /* VMCommandService.swift */,
				A2000025 /* VMLifecycleService.swift */,
			);
			path = VM;
			sourceTree = "<group>";
		};
		A4000031 /* Disk */ = {
			isa = PBXGroup;
			children = (
				A2000026 /* DiskMonitor.swift */,
				A2000027 /* NTFSMountService.swift */,
			);
			path = Disk;
			sourceTree = "<group>";
		};
		A4000032 /* FileSystem */ = {
			isa = PBXGroup;
			children = (
				A2000028 /* UnifiedFileService.swift */,
			);
			path = FileSystem;
			sourceTree = "<group>";
		};
		A4000046 /* Archive */ = {
			isa = PBXGroup;
			children = (
				A2000043 /* ArchiveService.swift */,
			);
			path = Archive;
			sourceTree = "<group>";
		};
/* End PBXGroup section */

/* Begin PBXNativeTarget section */
		A5000001 /* MSLFileManager */ = {
			isa = PBXNativeTarget;
			buildConfigurationList = A7000002;
			buildPhases = (
				A6000001 /* Sources */,
				A3000001 /* Frameworks */,
				A6000002 /* Resources */,
			);
			buildRules = (
			);
			dependencies = (
			);
			name = MSLFileManager;
			productName = MSLFileManager;
			productReference = A2000099 /* MSLFileManager.app */;
			productType = "com.apple.product-type.application";
		};
/* End PBXNativeTarget section */

/* Begin PBXProject section */
		A8000001 /* Project object */ = {
			isa = PBXProject;
			attributes = {
				BuildIndependentTargetsInParallel = 1;
				LastSwiftUpdateCheck = 1600;
				LastUpgradeCheck = 1600;
			};
			buildConfigurationList = A7000001;
			compatibilityVersion = "Xcode 14.0";
			developmentRegion = en;
			hasScannedForEncodings = 0;
			knownRegions = (
				en,
				Base,
			);
			mainGroup = A4000001;
			productRefGroup = A4000003 /* Products */;
			projectDirPath = "";
			projectRoot = "";
			targets = (
				A5000001 /* MSLFileManager */,
			);
		};
/* End PBXProject section */

/* Begin PBXResourcesBuildPhase section */
		A6000002 /* Resources */ = {
			isa = PBXResourcesBuildPhase;
			buildActionMask = 2147483647;
			files = (
			);
			runOnlyForDeploymentPostprocessing = 0;
		};
/* End PBXResourcesBuildPhase section */

/* Begin PBXSourcesBuildPhase section */
		A6000001 /* Sources */ = {
			isa = PBXSourcesBuildPhase;
			buildActionMask = 2147483647;
			files = (
				A1000001 /* MSLFileManagerApp.swift in Sources */,
				A1000002 /* AppState.swift in Sources */,
				A1000003 /* Constants.swift in Sources */,
				A1000004 /* FileItem.swift in Sources */,
				A1000005 /* ViewMode.swift in Sources */,
				A1000006 /* DiskInfo.swift in Sources */,
				A1000007 /* SidebarItem.swift in Sources */,
				A1000008 /* SortOption.swift in Sources */,
				A1000009 /* BrowserViewModel.swift in Sources */,
				A1000010 /* ContentView.swift in Sources */,
				A1000011 /* SidebarView.swift in Sources */,
				A1000012 /* FileBrowserView.swift in Sources */,
				A1000013 /* FileListView.swift in Sources */,
				A1000014 /* FileIconView.swift in Sources */,
				A1000015 /* FileColumnView.swift in Sources */,
				A1000016 /* PathBarView.swift in Sources */,
				A1000017 /* ViewModePicker.swift in Sources */,
				A1000018 /* SortMenu.swift in Sources */,
				A1000019 /* PreviewPanelView.swift in Sources */,
				A1000020 /* AIAssistantPanel.swift in Sources */,
				A1000021 /* DiskManagerView.swift in Sources */,
				A1000022 /* SettingsView.swift in Sources */,
				A1000023 /* LimaService.swift in Sources */,
				A1000024 /* VMCommandService.swift in Sources */,
				A1000025 /* VMLifecycleService.swift in Sources */,
				A1000026 /* DiskMonitor.swift in Sources */,
				A1000027 /* NTFSMountService.swift in Sources */,
				A1000028 /* UnifiedFileService.swift in Sources */,
				A1000030 /* FileTab.swift in Sources */,
				A1000031 /* TabBarView.swift in Sources */,
				A1000032 /* Localization.swift in Sources */,
				A1000033 /* ArchiveService.swift in Sources */,
				A1000034 /* ArchivePreviewView.swift in Sources */,
			);
			runOnlyForDeploymentPostprocessing = 0;
		};
/* End PBXSourcesBuildPhase section */

/* Begin XCBuildConfiguration section */
		A9000001 /* Debug */ = {
			isa = XCBuildConfiguration;
			buildSettings = {
				ALWAYS_SEARCH_USER_PATHS = NO;
				ASSETCATALOG_COMPILER_GENERATE_SWIFT_ASSET_SYMBOL_EXTENSIONS = YES;
				CLANG_ANALYZER_NONNULL = YES;
				CLANG_CXX_LANGUAGE_STANDARD = "gnu++20";
				CLANG_ENABLE_MODULES = YES;
				CLANG_ENABLE_OBJC_ARC = YES;
				CLANG_WARN_BLOCK_CAPTURE_AUTORELEASING = YES;
				CLANG_WARN_BOOL_CONVERSION = YES;
				CLANG_WARN_COMMA = YES;
				CLANG_WARN_CONSTANT_CONVERSION = YES;
				CLANG_WARN_DEPRECATED_OBJC_IMPLEMENTATIONS = YES;
				CLANG_WARN_DIRECT_OBJC_ISA_USAGE = YES_ERROR;
				CLANG_WARN_EMPTY_BODY = YES;
				CLANG_WARN_ENUM_CONVERSION = YES;
				CLANG_WARN_INFINITE_RECURSION = YES;
				CLANG_WARN_INT_CONVERSION = YES;
				CLANG_WARN_OBJC_ROOT_CLASS = YES_ERROR;
				CLANG_WARN_QUOTED_INCLUDE_IN_FRAMEWORK_HEADER = YES;
				CLANG_WARN_RANGE_LOOP_ANALYSIS = YES;
				CLANG_WARN_STRICT_PROTOTYPES = YES;
				CLANG_WARN_SUSPICIOUS_MOVE = YES;
				CLANG_WARN_UNREACHABLE_CODE = YES;
				CLANG_WARN__DUPLICATE_METHOD_MATCH = YES;
				COPY_PHASE_STRIP = NO;
				DEBUG_INFORMATION_FORMAT = dwarf;
				ENABLE_STRICT_OBJC_MSGSEND = YES;
				ENABLE_TESTABILITY = YES;
				GCC_DYNAMIC_NO_PIC = NO;
				GCC_NO_COMMON_BLOCKS = YES;
				GCC_OPTIMIZATION_LEVEL = 0;
				GCC_PREPROCESSOR_DEFINITIONS = (
					"DEBUG=1",
					"$(inherited)",
				);
				GCC_WARN_64_TO_32_BIT_CONVERSION = YES;
				GCC_WARN_ABOUT_RETURN_TYPE = YES_ERROR;
				GCC_WARN_UNDECLARED_SELECTOR = YES;
				GCC_WARN_UNINITIALIZED_AUTOS = YES_AGGRESSIVE;
				GCC_WARN_UNUSED_FUNCTION = YES;
				GCC_WARN_UNUSED_VARIABLE = YES;
				MACOSX_DEPLOYMENT_TARGET = 14.0;
				MTL_ENABLE_DEBUG_INFO = INCLUDE_SOURCE;
				MTL_FAST_MATH = YES;
				ONLY_ACTIVE_ARCH = YES;
				SDKROOT = macosx;
				SWIFT_ACTIVE_COMPILATION_CONDITIONS = "$(inherited) DEBUG";
				SWIFT_OPTIMIZATION_LEVEL = "-Onone";
			};
			name = Debug;
		};
		A9000002 /* Release */ = {
			isa = XCBuildConfiguration;
			buildSettings = {
				ALWAYS_SEARCH_USER_PATHS = NO;
				ASSETCATALOG_COMPILER_GENERATE_SWIFT_ASSET_SYMBOL_EXTENSIONS = YES;
				CLANG_ANALYZER_NONNULL = YES;
				CLANG_CXX_LANGUAGE_STANDARD = "gnu++20";
				CLANG_ENABLE_MODULES = YES;
				CLANG_ENABLE_OBJC_ARC = YES;
				CLANG_WARN_BLOCK_CAPTURE_AUTORELEASING = YES;
				CLANG_WARN_BOOL_CONVERSION = YES;
				CLANG_WARN_COMMA = YES;
				CLANG_WARN_CONSTANT_CONVERSION = YES;
				CLANG_WARN_DEPRECATED_OBJC_IMPLEMENTATIONS = YES;
				CLANG_WARN_DIRECT_OBJC_ISA_USAGE = YES_ERROR;
				CLANG_WARN_EMPTY_BODY = YES;
				CLANG_WARN_ENUM_CONVERSION = YES;
				CLANG_WARN_INFINITE_RECURSION = YES;
				CLANG_WARN_INT_CONVERSION = YES;
				CLANG_WARN_OBJC_ROOT_CLASS = YES_ERROR;
				CLANG_WARN_QUOTED_INCLUDE_IN_FRAMEWORK_HEADER = YES;
				CLANG_WARN_RANGE_LOOP_ANALYSIS = YES;
				CLANG_WARN_STRICT_PROTOTYPES = YES;
				CLANG_WARN_SUSPICIOUS_MOVE = YES;
				CLANG_WARN_UNREACHABLE_CODE = YES;
				CLANG_WARN__DUPLICATE_METHOD_MATCH = YES;
				COPY_PHASE_STRIP = NO;
				DEBUG_INFORMATION_FORMAT = "dwarf-with-dsym";
				ENABLE_NS_ASSERTIONS = NO;
				ENABLE_STRICT_OBJC_MSGSEND = YES;
				GCC_NO_COMMON_BLOCKS = YES;
				GCC_WARN_64_TO_32_BIT_CONVERSION = YES;
				GCC_WARN_ABOUT_RETURN_TYPE = YES_ERROR;
				GCC_WARN_UNDECLARED_SELECTOR = YES;
				GCC_WARN_UNINITIALIZED_AUTOS = YES_AGGRESSIVE;
				GCC_WARN_UNUSED_FUNCTION = YES;
				GCC_WARN_UNUSED_VARIABLE = YES;
				MACOSX_DEPLOYMENT_TARGET = 14.0;
				MTL_ENABLE_DEBUG_INFO = NO;
				MTL_FAST_MATH = YES;
				SDKROOT = macosx;
				SWIFT_COMPILATION_MODE = wholemodule;
			};
			name = Release;
		};
		A9000003 /* Debug */ = {
			isa = XCBuildConfiguration;
			buildSettings = {
				ASSETCATALOG_COMPILER_APPICON_NAME = AppIcon;
				CODE_SIGN_ENTITLEMENTS = MSLFileManager/MSLFileManager/MSLFileManager.entitlements;
				CODE_SIGN_STYLE = Automatic;
				COMBINE_HIDPI_IMAGES = YES;
				GENERATE_INFOPLIST_FILE = NO;
				INFOPLIST_FILE = MSLFileManager/App/Info.plist;
				INFOPLIST_KEY_LSApplicationCategoryType = "public.app-category.utilities";
				LD_RUNPATH_SEARCH_PATHS = (
					"$(inherited)",
					"@executable_path/../Frameworks",
				);
				PRODUCT_BUNDLE_IDENTIFIER = com.Clandygoo.MSLFileManager;
				PRODUCT_NAME = "$(TARGET_NAME)";
				SWIFT_EMIT_LOC_STRINGS = YES;
				SWIFT_VERSION = 5.0;
			};
			name = Debug;
		};
		A9000004 /* Release */ = {
			isa = XCBuildConfiguration;
			buildSettings = {
				ASSETCATALOG_COMPILER_APPICON_NAME = AppIcon;
				CODE_SIGN_ENTITLEMENTS = MSLFileManager/MSLFileManager/MSLFileManager.entitlements;
				CODE_SIGN_STYLE = Automatic;
				COMBINE_HIDPI_IMAGES = YES;
				GENERATE_INFOPLIST_FILE = NO;
				INFOPLIST_FILE = MSLFileManager/App/Info.plist;
				INFOPLIST_KEY_LSApplicationCategoryType = "public.app-category.utilities";
				LD_RUNPATH_SEARCH_PATHS = (
					"$(inherited)",
					"@executable_path/../Frameworks",
				);
				PRODUCT_BUNDLE_IDENTIFIER = com.Clandygoo.MSLFileManager;
				PRODUCT_NAME = "$(TARGET_NAME)";
				SWIFT_EMIT_LOC_STRINGS = YES;
				SWIFT_VERSION = 5.0;
			};
			name = Release;
		};
/* End XCBuildConfiguration section */

/* Begin XCConfigurationList section */
		A7000001 /* Build configuration list for PBXProject "MSLFileManager" */ = {
			isa = XCConfigurationList;
			buildConfigurations = (
				A9000001 /* Debug */,
				A9000002 /* Release */,
			);
			defaultConfigurationIsVisible = 0;
			defaultConfigurationName = Release;
		};
		A7000002 /* Build configuration list for PBXNativeTarget "MSLFileManager" */ = {
			isa = XCConfigurationList;
			buildConfigurations = (
				A9000003 /* Debug */,
				A9000004 /* Release */,
			);
			defaultConfigurationIsVisible = 0;
			defaultConfigurationName = Release;
		};
/* End XCConfigurationList section */
	};
	rootObject = A8000001 /* Project object */;
}
